{
  "version": 4,
  "terraform_version": "1.3.7",
  "serial": 111,
  "lineage": "513d9825-c5d5-fcd8-b68b-b113ff1ac99f",
  "outputs": {
    "azurerm_linux_virtual_machine": {
      "value": "Task-Linux-vm",
      "type": "string"
    },
    "azurerm_windows_virtual_machine": {
      "value": "Task-Windows-vm",
      "type": "string"
    },
    "random_password_plain_text": {
      "value": "eqTAISSWg{QUlmOl",
      "type": "string"
    },
    "resource_group_name": {
      "value": "Task-Infra",
      "type": "string"
    }
  },
  "resources": [
    {
      "mode": "managed",
      "type": "azurerm_linux_virtual_machine",
      "name": "linux-vm",
      "provider": "provider[\"registry.terraform.io/hashicorp/azurerm\"]",
      "instances": [
        {
          "schema_version": 0,
          "attributes": {
            "additional_capabilities": [],
            "admin_password": "eqTAISSWg{QUlmOl",
            "admin_ssh_key": [],
            "admin_username": "adminuser",
            "allow_extension_operations": true,
            "availability_set_id": "",
            "boot_diagnostics": [],
            "computer_name": "Task-Linux-vm",
            "custom_data": null,
            "dedicated_host_group_id": "",
            "dedicated_host_id": "",
            "disable_password_authentication": false,
            "edge_zone": "",
            "encryption_at_host_enabled": false,
            "eviction_policy": "",
            "extensions_time_budget": "PT1H30M",
            "id": "/subscriptions/6c87d233-0e38-4645-a79b-da9bea83e10e/resourceGroups/Task-Infra/providers/Microsoft.Compute/virtualMachines/Task-Linux-vm",
            "identity": [],
            "license_type": "",
            "location": "centralindia",
            "max_bid_price": -1,
            "name": "Task-Linux-vm",
            "network_interface_ids": [
              "/subscriptions/6c87d233-0e38-4645-a79b-da9bea83e10e/resourceGroups/Task-Infra/providers/Microsoft.Network/networkInterfaces/Task_Linux-nic"
            ],
            "os_disk": [
              {
                "caching": "ReadWrite",
                "diff_disk_settings": [],
                "disk_encryption_set_id": "",
                "disk_size_gb": 30,
                "name": "linux-osdisk",
                "storage_account_type": "Standard_LRS",
                "write_accelerator_enabled": false
              }
            ],
            "patch_mode": "ImageDefault",
            "plan": [],
            "platform_fault_domain": -1,
            "priority": "Regular",
            "private_ip_address": "10.10.10.36",
            "private_ip_addresses": [
              "10.10.10.36"
            ],
            "provision_vm_agent": true,
            "proximity_placement_group_id": "",
            "public_ip_address": "20.219.29.141",
            "public_ip_addresses": [
              "20.219.29.141"
            ],
            "resource_group_name": "Task-Infra",
            "secret": [],
            "secure_boot_enabled": false,
            "size": "Standard_B2s",
            "source_image_id": "",
            "source_image_reference": [
              {
                "offer": "UbuntuServer",
                "publisher": "Canonical",
                "sku": "18.04-LTS",
                "version": "latest"
              }
            ],
            "tags": null,
            "termination_notification": null,
            "timeouts": null,
            "user_data": "",
            "virtual_machine_id": "94972144-d358-429b-b3a3-e0d9b4d57463",
            "virtual_machine_scale_set_id": "",
            "vtpm_enabled": false,
            "zone": ""
          },
          "sensitive_attributes": [
            [
              {
                "type": "get_attr",
                "value": "admin_password"
              }
            ]
          ],
          "private": "eyJlMmJmYjczMC1lY2FhLTExZTYtOGY4OC0zNDM2M2JjN2M0YzAiOnsiY3JlYXRlIjoyNzAwMDAwMDAwMDAwLCJkZWxldGUiOjI3MDAwMDAwMDAwMDAsInJlYWQiOjMwMDAwMDAwMDAwMCwidXBkYXRlIjoyNzAwMDAwMDAwMDAwfX0=",
          "dependencies": [
            "azurerm_network_interface.linux_nic",
            "azurerm_public_ip.linux_public_ip",
            "azurerm_resource_group.resource-group",
            "azurerm_subnet.LAN_Subnet",
            "azurerm_virtual_network.vnet",
            "random_password.password"
          ]
        }
      ]
    },
    {
      "mode": "managed",
      "type": "azurerm_network_interface",
      "name": "linux_nic",
      "provider": "provider[\"registry.terraform.io/hashicorp/azurerm\"]",
      "instances": [
        {
          "schema_version": 0,
          "attributes": {
            "applied_dns_servers": [],
            "dns_servers": [],
            "edge_zone": "",
            "enable_accelerated_networking": false,
            "enable_ip_forwarding": false,
            "id": "/subscriptions/6c87d233-0e38-4645-a79b-da9bea83e10e/resourceGroups/Task-Infra/providers/Microsoft.Network/networkInterfaces/Task_Linux-nic",
            "internal_dns_name_label": "",
            "internal_domain_name_suffix": "0i3akv3jtaoevjq2eibuiiajbd.rx.internal.cloudapp.net",
            "ip_configuration": [
              {
                "gateway_load_balancer_frontend_ip_configuration_id": "",
                "name": "linux",
                "primary": true,
                "private_ip_address": "10.10.10.36",
                "private_ip_address_allocation": "Dynamic",
                "private_ip_address_version": "IPv4",
                "public_ip_address_id": "/subscriptions/6c87d233-0e38-4645-a79b-da9bea83e10e/resourceGroups/Task-Infra/providers/Microsoft.Network/publicIPAddresses/Task-linux-PublicIP",
                "subnet_id": "/subscriptions/6c87d233-0e38-4645-a79b-da9bea83e10e/resourceGroups/Task-Infra/providers/Microsoft.Network/virtualNetworks/Task-vnet/subnets/Task-LAN_Subnet"
              }
            ],
            "location": "centralindia",
            "mac_address": "",
            "name": "Task_Linux-nic",
            "private_ip_address": "10.10.10.36",
            "private_ip_addresses": [
              "10.10.10.36"
            ],
            "resource_group_name": "Task-Infra",
            "tags": null,
            "timeouts": null,
            "virtual_machine_id": ""
          },
          "sensitive_attributes": [],
          "private": "eyJlMmJmYjczMC1lY2FhLTExZTYtOGY4OC0zNDM2M2JjN2M0YzAiOnsiY3JlYXRlIjoxODAwMDAwMDAwMDAwLCJkZWxldGUiOjE4MDAwMDAwMDAwMDAsInJlYWQiOjMwMDAwMDAwMDAwMCwidXBkYXRlIjoxODAwMDAwMDAwMDAwfX0=",
          "dependencies": [
            "azurerm_public_ip.linux_public_ip",
            "azurerm_resource_group.resource-group",
            "azurerm_subnet.LAN_Subnet",
            "azurerm_virtual_network.vnet"
          ]
        }
      ]
    },
    {
      "mode": "managed",
      "type": "azurerm_network_interface",
      "name": "win_nic",
      "provider": "provider[\"registry.terraform.io/hashicorp/azurerm\"]",
      "instances": [
        {
          "schema_version": 0,
          "attributes": {
            "applied_dns_servers": [],
            "dns_servers": [],
            "edge_zone": "",
            "enable_accelerated_networking": false,
            "enable_ip_forwarding": false,
            "id": "/subscriptions/6c87d233-0e38-4645-a79b-da9bea83e10e/resourceGroups/Task-Infra/providers/Microsoft.Network/networkInterfaces/Task_Windows-nic",
            "internal_dns_name_label": "",
            "internal_domain_name_suffix": "0i3akv3jtaoevjq2eibuiiajbd.rx.internal.cloudapp.net",
            "ip_configuration": [
              {
                "gateway_load_balancer_frontend_ip_configuration_id": "",
                "name": "windows",
                "primary": true,
                "private_ip_address": "10.10.10.4",
                "private_ip_address_allocation": "Dynamic",
                "private_ip_address_version": "IPv4",
                "public_ip_address_id": "/subscriptions/6c87d233-0e38-4645-a79b-da9bea83e10e/resourceGroups/Task-Infra/providers/Microsoft.Network/publicIPAddresses/Task-windows-PublicIP",
                "subnet_id": "/subscriptions/6c87d233-0e38-4645-a79b-da9bea83e10e/resourceGroups/Task-Infra/providers/Microsoft.Network/virtualNetworks/Task-vnet/subnets/Task-WAN_Subnet"
              }
            ],
            "location": "centralindia",
            "mac_address": "",
            "name": "Task_Windows-nic",
            "private_ip_address": "10.10.10.4",
            "private_ip_addresses": [
              "10.10.10.4"
            ],
            "resource_group_name": "Task-Infra",
            "tags": null,
            "timeouts": null,
            "virtual_machine_id": ""
          },
          "sensitive_attributes": [],
          "private": "eyJlMmJmYjczMC1lY2FhLTExZTYtOGY4OC0zNDM2M2JjN2M0YzAiOnsiY3JlYXRlIjoxODAwMDAwMDAwMDAwLCJkZWxldGUiOjE4MDAwMDAwMDAwMDAsInJlYWQiOjMwMDAwMDAwMDAwMCwidXBkYXRlIjoxODAwMDAwMDAwMDAwfX0=",
          "dependencies": [
            "azurerm_public_ip.win_public_ip",
            "azurerm_resource_group.resource-group",
            "azurerm_subnet.WAN_Subnet",
            "azurerm_virtual_network.vnet"
          ]
        }
      ]
    },
    {
      "mode": "managed",
      "type": "azurerm_network_security_group",
      "name": "nsg",
      "provider": "provider[\"registry.terraform.io/hashicorp/azurerm\"]",
      "instances": [
        {
          "schema_version": 0,
          "attributes": {
            "id": "/subscriptions/6c87d233-0e38-4645-a79b-da9bea83e10e/resourceGroups/Task-Infra/providers/Microsoft.Network/networkSecurityGroups/Task-nsg",
            "location": "centralindia",
            "name": "Task-nsg",
            "resource_group_name": "Task-Infra",
            "security_rule": [
              {
                "access": "Allow",
                "description": "",
                "destination_address_prefix": "*",
                "destination_address_prefixes": [],
                "destination_application_security_group_ids": [],
                "destination_port_range": "",
                "destination_port_ranges": [
                  "22",
                  "3389"
                ],
                "direction": "Inbound",
                "name": "Task-Rule",
                "priority": 100,
                "protocol": "Tcp",
                "source_address_prefix": "*",
                "source_address_prefixes": [],
                "source_application_security_group_ids": [],
                "source_port_range": "*",
                "source_port_ranges": []
              }
            ],
            "tags": null,
            "timeouts": null
          },
          "sensitive_attributes": [],
          "private": "eyJlMmJmYjczMC1lY2FhLTExZTYtOGY4OC0zNDM2M2JjN2M0YzAiOnsiY3JlYXRlIjoxODAwMDAwMDAwMDAwLCJkZWxldGUiOjE4MDAwMDAwMDAwMDAsInJlYWQiOjMwMDAwMDAwMDAwMCwidXBkYXRlIjoxODAwMDAwMDAwMDAwfX0=",
          "dependencies": [
            "azurerm_resource_group.resource-group"
          ]
        }
      ]
    },
    {
      "mode": "managed",
      "type": "azurerm_public_ip",
      "name": "linux_public_ip",
      "provider": "provider[\"registry.terraform.io/hashicorp/azurerm\"]",
      "instances": [
        {
          "schema_version": 0,
          "attributes": {
            "allocation_method": "Static",
            "domain_name_label": null,
            "edge_zone": "",
            "fqdn": null,
            "id": "/subscriptions/6c87d233-0e38-4645-a79b-da9bea83e10e/resourceGroups/Task-Infra/providers/Microsoft.Network/publicIPAddresses/Task-linux-PublicIP",
            "idle_timeout_in_minutes": 4,
            "ip_address": "20.219.29.141",
            "ip_tags": null,
            "ip_version": "IPv4",
            "location": "centralindia",
            "name": "Task-linux-PublicIP",
            "public_ip_prefix_id": null,
            "resource_group_name": "Task-Infra",
            "reverse_fqdn": null,
            "sku": "Basic",
            "sku_tier": "Regional",
            "tags": null,
            "timeouts": null,
            "zones": null
          },
          "sensitive_attributes": [],
          "private": "eyJlMmJmYjczMC1lY2FhLTExZTYtOGY4OC0zNDM2M2JjN2M0YzAiOnsiY3JlYXRlIjoxODAwMDAwMDAwMDAwLCJkZWxldGUiOjE4MDAwMDAwMDAwMDAsInJlYWQiOjMwMDAwMDAwMDAwMCwidXBkYXRlIjoxODAwMDAwMDAwMDAwfX0=",
          "dependencies": [
            "azurerm_resource_group.resource-group"
          ]
        }
      ]
    },
    {
      "mode": "managed",
      "type": "azurerm_public_ip",
      "name": "win_public_ip",
      "provider": "provider[\"registry.terraform.io/hashicorp/azurerm\"]",
      "instances": [
        {
          "schema_version": 0,
          "attributes": {
            "allocation_method": "Static",
            "domain_name_label": null,
            "edge_zone": "",
            "fqdn": null,
            "id": "/subscriptions/6c87d233-0e38-4645-a79b-da9bea83e10e/resourceGroups/Task-Infra/providers/Microsoft.Network/publicIPAddresses/Task-windows-PublicIP",
            "idle_timeout_in_minutes": 4,
            "ip_address": "20.219.29.221",
            "ip_tags": null,
            "ip_version": "IPv4",
            "location": "centralindia",
            "name": "Task-windows-PublicIP",
            "public_ip_prefix_id": null,
            "resource_group_name": "Task-Infra",
            "reverse_fqdn": null,
            "sku": "Basic",
            "sku_tier": "Regional",
            "tags": null,
            "timeouts": null,
            "zones": null
          },
          "sensitive_attributes": [],
          "private": "eyJlMmJmYjczMC1lY2FhLTExZTYtOGY4OC0zNDM2M2JjN2M0YzAiOnsiY3JlYXRlIjoxODAwMDAwMDAwMDAwLCJkZWxldGUiOjE4MDAwMDAwMDAwMDAsInJlYWQiOjMwMDAwMDAwMDAwMCwidXBkYXRlIjoxODAwMDAwMDAwMDAwfX0=",
          "dependencies": [
            "azurerm_resource_group.resource-group"
          ]
        }
      ]
    },
    {
      "mode": "managed",
      "type": "azurerm_resource_group",
      "name": "resource-group",
      "provider": "provider[\"registry.terraform.io/hashicorp/azurerm\"]",
      "instances": [
        {
          "schema_version": 0,
          "attributes": {
            "id": "/subscriptions/6c87d233-0e38-4645-a79b-da9bea83e10e/resourceGroups/Task-Infra",
            "location": "centralindia",
            "name": "Task-Infra",
            "tags": null,
            "timeouts": null
          },
          "sensitive_attributes": [],
          "private": "eyJlMmJmYjczMC1lY2FhLTExZTYtOGY4OC0zNDM2M2JjN2M0YzAiOnsiY3JlYXRlIjo1NDAwMDAwMDAwMDAwLCJkZWxldGUiOjU0MDAwMDAwMDAwMDAsInJlYWQiOjMwMDAwMDAwMDAwMCwidXBkYXRlIjo1NDAwMDAwMDAwMDAwfX0="
        }
      ]
    },
    {
      "mode": "managed",
      "type": "azurerm_subnet",
      "name": "LAN_Subnet",
      "provider": "provider[\"registry.terraform.io/hashicorp/azurerm\"]",
      "instances": [
        {
          "schema_version": 0,
          "attributes": {
            "address_prefixes": [
              "10.10.10.32/27"
            ],
            "delegation": [],
            "enforce_private_link_endpoint_network_policies": false,
            "enforce_private_link_service_network_policies": false,
            "id": "/subscriptions/6c87d233-0e38-4645-a79b-da9bea83e10e/resourceGroups/Task-Infra/providers/Microsoft.Network/virtualNetworks/Task-vnet/subnets/Task-LAN_Subnet",
            "name": "Task-LAN_Subnet",
            "resource_group_name": "Task-Infra",
            "service_endpoint_policy_ids": null,
            "service_endpoints": null,
            "timeouts": null,
            "virtual_network_name": "Task-vnet"
          },
          "sensitive_attributes": [],
          "private": "eyJlMmJmYjczMC1lY2FhLTExZTYtOGY4OC0zNDM2M2JjN2M0YzAiOnsiY3JlYXRlIjoxODAwMDAwMDAwMDAwLCJkZWxldGUiOjE4MDAwMDAwMDAwMDAsInJlYWQiOjMwMDAwMDAwMDAwMCwidXBkYXRlIjoxODAwMDAwMDAwMDAwfX0=",
          "dependencies": [
            "azurerm_resource_group.resource-group",
            "azurerm_virtual_network.vnet"
          ]
        }
      ]
    },
    {
      "mode": "managed",
      "type": "azurerm_subnet",
      "name": "WAN_Subnet",
      "provider": "provider[\"registry.terraform.io/hashicorp/azurerm\"]",
      "instances": [
        {
          "schema_version": 0,
          "attributes": {
            "address_prefixes": [
              "10.10.10.0/27"
            ],
            "delegation": [],
            "enforce_private_link_endpoint_network_policies": false,
            "enforce_private_link_service_network_policies": false,
            "id": "/subscriptions/6c87d233-0e38-4645-a79b-da9bea83e10e/resourceGroups/Task-Infra/providers/Microsoft.Network/virtualNetworks/Task-vnet/subnets/Task-WAN_Subnet",
            "name": "Task-WAN_Subnet",
            "resource_group_name": "Task-Infra",
            "service_endpoint_policy_ids": null,
            "service_endpoints": null,
            "timeouts": null,
            "virtual_network_name": "Task-vnet"
          },
          "sensitive_attributes": [],
          "private": "eyJlMmJmYjczMC1lY2FhLTExZTYtOGY4OC0zNDM2M2JjN2M0YzAiOnsiY3JlYXRlIjoxODAwMDAwMDAwMDAwLCJkZWxldGUiOjE4MDAwMDAwMDAwMDAsInJlYWQiOjMwMDAwMDAwMDAwMCwidXBkYXRlIjoxODAwMDAwMDAwMDAwfX0=",
          "dependencies": [
            "azurerm_resource_group.resource-group",
            "azurerm_virtual_network.vnet"
          ]
        }
      ]
    },
    {
      "mode": "managed",
      "type": "azurerm_subnet_network_security_group_association",
      "name": "LAN_nsgassociation",
      "provider": "provider[\"registry.terraform.io/hashicorp/azurerm\"]",
      "instances": [
        {
          "schema_version": 0,
          "attributes": {
            "id": "/subscriptions/6c87d233-0e38-4645-a79b-da9bea83e10e/resourceGroups/Task-Infra/providers/Microsoft.Network/virtualNetworks/Task-vnet/subnets/Task-LAN_Subnet",
            "network_security_group_id": "/subscriptions/6c87d233-0e38-4645-a79b-da9bea83e10e/resourceGroups/Task-Infra/providers/Microsoft.Network/networkSecurityGroups/Task-nsg",
            "subnet_id": "/subscriptions/6c87d233-0e38-4645-a79b-da9bea83e10e/resourceGroups/Task-Infra/providers/Microsoft.Network/virtualNetworks/Task-vnet/subnets/Task-LAN_Subnet",
            "timeouts": null
          },
          "sensitive_attributes": [],
          "private": "eyJlMmJmYjczMC1lY2FhLTExZTYtOGY4OC0zNDM2M2JjN2M0YzAiOnsiY3JlYXRlIjoxODAwMDAwMDAwMDAwLCJkZWxldGUiOjE4MDAwMDAwMDAwMDAsInJlYWQiOjMwMDAwMDAwMDAwMCwidXBkYXRlIjoxODAwMDAwMDAwMDAwfX0=",
          "dependencies": [
            "azurerm_network_security_group.nsg",
            "azurerm_resource_group.resource-group",
            "azurerm_subnet.LAN_Subnet",
            "azurerm_virtual_network.vnet"
          ]
        }
      ]
    },
    {
      "mode": "managed",
      "type": "azurerm_subnet_network_security_group_association",
      "name": "WAN_nsgassociation",
      "provider": "provider[\"registry.terraform.io/hashicorp/azurerm\"]",
      "instances": [
        {
          "schema_version": 0,
          "attributes": {
            "id": "/subscriptions/6c87d233-0e38-4645-a79b-da9bea83e10e/resourceGroups/Task-Infra/providers/Microsoft.Network/virtualNetworks/Task-vnet/subnets/Task-WAN_Subnet",
            "network_security_group_id": "/subscriptions/6c87d233-0e38-4645-a79b-da9bea83e10e/resourceGroups/Task-Infra/providers/Microsoft.Network/networkSecurityGroups/Task-nsg",
            "subnet_id": "/subscriptions/6c87d233-0e38-4645-a79b-da9bea83e10e/resourceGroups/Task-Infra/providers/Microsoft.Network/virtualNetworks/Task-vnet/subnets/Task-WAN_Subnet",
            "timeouts": null
          },
          "sensitive_attributes": [],
          "private": "eyJlMmJmYjczMC1lY2FhLTExZTYtOGY4OC0zNDM2M2JjN2M0YzAiOnsiY3JlYXRlIjoxODAwMDAwMDAwMDAwLCJkZWxldGUiOjE4MDAwMDAwMDAwMDAsInJlYWQiOjMwMDAwMDAwMDAwMCwidXBkYXRlIjoxODAwMDAwMDAwMDAwfX0=",
          "dependencies": [
            "azurerm_network_security_group.nsg",
            "azurerm_resource_group.resource-group",
            "azurerm_subnet.WAN_Subnet",
            "azurerm_virtual_network.vnet"
          ]
        }
      ]
    },
    {
      "mode": "managed",
      "type": "azurerm_virtual_network",
      "name": "vnet",
      "provider": "provider[\"registry.terraform.io/hashicorp/azurerm\"]",
      "instances": [
        {
          "schema_version": 0,
          "attributes": {
            "address_space": [
              "10.10.10.0/24"
            ],
            "bgp_community": "",
            "ddos_protection_plan": [],
            "dns_servers": [],
            "edge_zone": "",
            "flow_timeout_in_minutes": 0,
            "guid": "57053ad2-98a9-4a1c-a61c-22034420090b",
            "id": "/subscriptions/6c87d233-0e38-4645-a79b-da9bea83e10e/resourceGroups/Task-Infra/providers/Microsoft.Network/virtualNetworks/Task-vnet",
            "location": "centralindia",
            "name": "Task-vnet",
            "resource_group_name": "Task-Infra",
            "subnet": [],
            "tags": null,
            "timeouts": null
          },
          "sensitive_attributes": [],
          "private": "eyJlMmJmYjczMC1lY2FhLTExZTYtOGY4OC0zNDM2M2JjN2M0YzAiOnsiY3JlYXRlIjoxODAwMDAwMDAwMDAwLCJkZWxldGUiOjE4MDAwMDAwMDAwMDAsInJlYWQiOjMwMDAwMDAwMDAwMCwidXBkYXRlIjoxODAwMDAwMDAwMDAwfX0=",
          "dependencies": [
            "azurerm_resource_group.resource-group"
          ]
        }
      ]
    },
    {
      "mode": "managed",
      "type": "azurerm_windows_virtual_machine",
      "name": "win-vm",
      "provider": "provider[\"registry.terraform.io/hashicorp/azurerm\"]",
      "instances": [
        {
          "schema_version": 0,
          "attributes": {
            "additional_capabilities": [],
            "additional_unattend_content": [],
            "admin_password": "eqTAISSWg{QUlmOl",
            "admin_username": "adminuser",
            "allow_extension_operations": true,
            "availability_set_id": "",
            "boot_diagnostics": [],
            "computer_name": "Task-Windows-vm",
            "custom_data": null,
            "dedicated_host_group_id": "",
            "dedicated_host_id": "",
            "edge_zone": "",
            "enable_automatic_updates": true,
            "encryption_at_host_enabled": false,
            "eviction_policy": "",
            "extensions_time_budget": "PT1H30M",
            "hotpatching_enabled": false,
            "id": "/subscriptions/6c87d233-0e38-4645-a79b-da9bea83e10e/resourceGroups/Task-Infra/providers/Microsoft.Compute/virtualMachines/Task-Windows-vm",
            "identity": [],
            "license_type": "",
            "location": "centralindia",
            "max_bid_price": -1,
            "name": "Task-Windows-vm",
            "network_interface_ids": [
              "/subscriptions/6c87d233-0e38-4645-a79b-da9bea83e10e/resourceGroups/Task-Infra/providers/Microsoft.Network/networkInterfaces/Task_Windows-nic"
            ],
            "os_disk": [
              {
                "caching": "ReadWrite",
                "diff_disk_settings": [],
                "disk_encryption_set_id": "",
                "disk_size_gb": 127,
                "name": "win-osdisk",
                "storage_account_type": "Standard_LRS",
                "write_accelerator_enabled": false
              }
            ],
            "patch_mode": "AutomaticByOS",
            "plan": [],
            "platform_fault_domain": -1,
            "priority": "Regular",
            "private_ip_address": "10.10.10.4",
            "private_ip_addresses": [
              "10.10.10.4"
            ],
            "provision_vm_agent": true,
            "proximity_placement_group_id": "",
            "public_ip_address": "20.219.29.221",
            "public_ip_addresses": [
              "20.219.29.221"
            ],
            "resource_group_name": "Task-Infra",
            "secret": [],
            "secure_boot_enabled": false,
            "size": "Standard_B2s",
            "source_image_id": "",
            "source_image_reference": [
              {
                "offer": "WindowsServer",
                "publisher": "MicrosoftWindowsServer",
                "sku": "2019-Datacenter",
                "version": "latest"
              }
            ],
            "tags": null,
            "termination_notification": null,
            "timeouts": null,
            "timezone": "",
            "user_data": "",
            "virtual_machine_id": "25883870-a8be-4f07-a4ba-c6420e225d36",
            "virtual_machine_scale_set_id": "",
            "vtpm_enabled": false,
            "winrm_listener": [],
            "zone": ""
          },
          "sensitive_attributes": [
            [
              {
                "type": "get_attr",
                "value": "admin_password"
              }
            ]
          ],
          "private": "eyJlMmJmYjczMC1lY2FhLTExZTYtOGY4OC0zNDM2M2JjN2M0YzAiOnsiY3JlYXRlIjoyNzAwMDAwMDAwMDAwLCJkZWxldGUiOjI3MDAwMDAwMDAwMDAsInJlYWQiOjMwMDAwMDAwMDAwMCwidXBkYXRlIjoyNzAwMDAwMDAwMDAwfX0=",
          "dependencies": [
            "azurerm_network_interface.win_nic",
            "azurerm_public_ip.win_public_ip",
            "azurerm_resource_group.resource-group",
            "azurerm_subnet.WAN_Subnet",
            "azurerm_virtual_network.vnet",
            "random_password.password"
          ]
        }
      ]
    },
    {
      "mode": "managed",
      "type": "random_password",
      "name": "password",
      "provider": "provider[\"registry.terraform.io/hashicorp/random\"]",
      "instances": [
        {
          "schema_version": 3,
          "attributes": {
            "bcrypt_hash": "$2a$10$VPxJAEgliXBUzH2hUYzuGe90Uie2x3BeiyuyYqSwOOOQvKOFbS.Ay",
            "id": "none",
            "keepers": null,
            "length": 16,
            "lower": true,
            "min_lower": 0,
            "min_numeric": 0,
            "min_special": 0,
            "min_upper": 0,
            "number": true,
            "numeric": true,
            "override_special": "!#$%\u0026*()-_=+[]{}\u003c\u003e:?",
            "result": "eqTAISSWg{QUlmOl",
            "special": true,
            "upper": true
          },
          "sensitive_attributes": []
        }
      ]
    }
  ],
  "check_results": null
}
